
Microsoft Visual Studio Solution File, Format Version 12.00
# Visual Studio Version 17
VisualStudioVersion = 17.5.33424.131
MinimumVisualStudioVersion = 10.0.40219.1
Project("{FAE04EC0-301F-11D3-BF4B-00C04F79EFBC}") = "MyNotepad32", "MyNotepad32\MyNotepad32.csproj", "{DBB8EA89-7FFA-42D3-A6D6-98E7EF12E64B}"
EndProject
Global
	GlobalSection(SolutionConfigurationPlatforms) = preSolution
		Debug|Any CPU = Debug|Any CPU
		Release|Any CPU = Release|Any CPU
	EndGlobalSection
	GlobalSection(ProjectConfigurationPlatforms) = postSolution
		{DBB8EA89-7FFA-42D3-A6D6-98E7EF12E64B}.Debug|Any CPU.ActiveCfg = Debug|Any CPU
		{DBB8EA89-7FFA-42D3-A6D6-98E7EF12E64B}.Debug|Any CPU.Build.0 = Debug|Any CPU
		{DBB8EA89-7FFA-42D3-A6D6-98E7EF12E64B}.Release|Any CPU.ActiveCfg = Release|Any CPU
		{DBB8EA89-7FFA-42D3-A6D6-98E7EF12E64B}.Release|Any CPU.Build.0 = Release|Any CPU
	EndGlobalSection
	GlobalSection(SolutionProperties) = preSolution
		HideSolutionNode = FALSE
	EndGlobalSection
	GlobalSection(ExtensibilityGlobals) = postSolution
		SolutionGuid = {97707144-7B88-49B7-A782-429ECD2A9BBC}
	EndGlobalSection
EndGlobal
